// !$*UTF8*$!
{
	archiveVersion = 1;
	classes = {
	};
	objectVersion = 50;
	objects = {

/* Begin PBXBuildFile section */
		F719257B25374620008E935C /* PccSwiftUIApp.swift in Sources */ = {isa = PBXBuildFile; fileRef = F719257A25374620008E935C /* PccSwiftUIApp.swift */; };
		F719257D25374620008E935C /* ContentView.swift in Sources */ = {isa = PBXBuildFile; fileRef = F719257C25374620008E935C /* ContentView.swift */; };
		F719257F25374621008E935C /* Assets.xcassets in Resources */ = {isa = PBXBuildFile; fileRef = F719257E25374621008E935C /* Assets.xcassets */; };
		F719258225374621008E935C /* Preview Assets.xcassets in Resources */ = {isa = PBXBuildFile; fileRef = F719258125374621008E935C /* Preview Assets.xcassets */; };
		F719258B25374683008E935C /* HomeView.swift in Sources */ = {isa = PBXBuildFile; fileRef = F719258A25374683008E935C /* HomeView.swift */; };
		F7192590253747B4008E935C /* BigButton.swift in Sources */ = {isa = PBXBuildFile; fileRef = F719258F253747B4008E935C /* BigButton.swift */; };
		F719259425374BE8008E935C /* PccHeader.swift in Sources */ = {isa = PBXBuildFile; fileRef = F719259325374BE8008E935C /* PccHeader.swift */; };
		F71A752A2539E58A00BB354F /* FrontCardView.swift in Sources */ = {isa = PBXBuildFile; fileRef = F71A75292539E58A00BB354F /* FrontCardView.swift */; };
		F71A752D2539ECAF00BB354F /* BackCardView.swift in Sources */ = {isa = PBXBuildFile; fileRef = F71A752C2539ECAF00BB354F /* BackCardView.swift */; };
		F71A75302539F41500BB354F /* ConfirmView.swift in Sources */ = {isa = PBXBuildFile; fileRef = F71A752F2539F41500BB354F /* ConfirmView.swift */; };
		F71A75332539F48100BB354F /* ReviewView.swift in Sources */ = {isa = PBXBuildFile; fileRef = F71A75322539F48100BB354F /* ReviewView.swift */; };
		F778288F253CF0AA003495F5 /* LargeButton.swift in Sources */ = {isa = PBXBuildFile; fileRef = F778288E253CF0AA003495F5 /* LargeButton.swift */; };
/* End PBXBuildFile section */

/* Begin PBXFileReference section */
		F719257725374620008E935C /* PccSwiftUI.app */ = {isa = PBXFileReference; explicitFileType = wrapper.application; includeInIndex = 0; path = PccSwiftUI.app; sourceTree = BUILT_PRODUCTS_DIR; };
		F719257A25374620008E935C /* PccSwiftUIApp.swift */ = {isa = PBXFileReference; lastKnownFileType = sourcecode.swift; path = PccSwiftUIApp.swift; sourceTree = "<group>"; };
		F719257C25374620008E935C /* ContentView.swift */ = {isa = PBXFileReference; lastKnownFileType = sourcecode.swift; path = ContentView.swift; sourceTree = "<group>"; };
		F719257E25374621008E935C /* Assets.xcassets */ = {isa = PBXFileReference; lastKnownFileType = folder.assetcatalog; path = Assets.xcassets; sourceTree = "<group>"; };
		F719258125374621008E935C /* Preview Assets.xcassets */ = {isa = PBXFileReference; lastKnownFileType = folder.assetcatalog; path = "Preview Assets.xcassets"; sourceTree = "<group>"; };
		F719258325374621008E935C /* Info.plist */ = {isa = PBXFileReference; lastKnownFileType = text.plist.xml; path = Info.plist; sourceTree = "<group>"; };
		F719258A25374683008E935C /* HomeView.swift */ = {isa = PBXFileReference; lastKnownFileType = sourcecode.swift; path = HomeView.swift; sourceTree = "<group>"; };
		F719258F253747B4008E935C /* BigButton.swift */ = {isa = PBXFileReference; lastKnownFileType = sourcecode.swift; path = BigButton.swift; sourceTree = "<group>"; };
		F719259325374BE8008E935C /* PccHeader.swift */ = {isa = PBXFileReference; lastKnownFileType = sourcecode.swift; path = PccHeader.swift; sourceTree = "<group>"; };
		F71A75292539E58A00BB354F /* FrontCardView.swift */ = {isa = PBXFileReference; lastKnownFileType = sourcecode.swift; path = FrontCardView.swift; sourceTree = "<group>"; };
		F71A752C2539ECAF00BB354F /* BackCardView.swift */ = {isa = PBXFileReference; lastKnownFileType = sourcecode.swift; path = BackCardView.swift; sourceTree = "<group>"; };
		F71A752F2539F41500BB354F /* ConfirmView.swift */ = {isa = PBXFileReference; lastKnownFileType = sourcecode.swift; path = ConfirmView.swift; sourceTree = "<group>"; };
		F71A75322539F48100BB354F /* ReviewView.swift */ = {isa = PBXFileReference; lastKnownFileType = sourcecode.swift; path = ReviewView.swift; sourceTree = "<group>"; };
		F778288E253CF0AA003495F5 /* LargeButton.swift */ = {isa = PBXFileReference; lastKnownFileType = sourcecode.swift; path = LargeButton.swift; sourceTree = "<group>"; };
/* End PBXFileReference section */

/* Begin PBXFrameworksBuildPhase section */
		F719257425374620008E935C /* Frameworks */ = {
			isa = PBXFrameworksBuildPhase;
			buildActionMask = 2147483647;
			files = (
			);
			runOnlyForDeploymentPostprocessing = 0;
		};
/* End PBXFrameworksBuildPhase section */

/* Begin PBXGroup section */
		F719256E25374620008E935C = {
			isa = PBXGroup;
			children = (
				F719257925374620008E935C /* PccSwiftUI */,
				F719257825374620008E935C /* Products */,
			);
			sourceTree = "<group>";
		};
		F719257825374620008E935C /* Products */ = {
			isa = PBXGroup;
			children = (
				F719257725374620008E935C /* PccSwiftUI.app */,
			);
			name = Products;
			sourceTree = "<group>";
		};
		F719257925374620008E935C /* PccSwiftUI */ = {
			isa = PBXGroup;
			children = (
				F719258E253746B8008E935C /* SharedViews */,
				F719258D2537469E008E935C /* NavigationViews */,
				F719257A25374620008E935C /* PccSwiftUIApp.swift */,
				F719257C25374620008E935C /* ContentView.swift */,
				F719257E25374621008E935C /* Assets.xcassets */,
				F719258325374621008E935C /* Info.plist */,
				F719258025374621008E935C /* Preview Content */,
			);
			path = PccSwiftUI;
			sourceTree = "<group>";
		};
		F719258025374621008E935C /* Preview Content */ = {
			isa = PBXGroup;
			children = (
				F719258125374621008E935C /* Preview Assets.xcassets */,
			);
			path = "Preview Content";
			sourceTree = "<group>";
		};
		F719258D2537469E008E935C /* NavigationViews */ = {
			isa = PBXGroup;
			children = (
				F719258A25374683008E935C /* HomeView.swift */,
				F719259325374BE8008E935C /* PccHeader.swift */,
				F71A75292539E58A00BB354F /* FrontCardView.swift */,
				F71A752C2539ECAF00BB354F /* BackCardView.swift */,
				F71A752F2539F41500BB354F /* ConfirmView.swift */,
				F71A75322539F48100BB354F /* ReviewView.swift */,
			);
			path = NavigationViews;
			sourceTree = "<group>";
		};
		F719258E253746B8008E935C /* SharedViews */ = {
			isa = PBXGroup;
			children = (
				F719258F253747B4008E935C /* BigButton.swift */,
				F778288E253CF0AA003495F5 /* LargeButton.swift */,
			);
			path = SharedViews;
			sourceTree = "<group>";
		};
/* End PBXGroup section */

/* Begin PBXNativeTarget section */
		F719257625374620008E935C /* PccSwiftUI */ = {
			isa = PBXNativeTarget;
			buildConfigurationList = F719258625374621008E935C /* Build configuration list for PBXNativeTarget "PccSwiftUI" */;
			buildPhases = (
				F719257325374620008E935C /* Sources */,
				F719257425374620008E935C /* Frameworks */,
				F719257525374620008E935C /* Resources */,
			);
			buildRules = (
			);
			dependencies = (
			);
			name = PccSwiftUI;
			productName = PccSwiftUI;
			productReference = F719257725374620008E935C /* PccSwiftUI.app */;
			productType = "com.apple.product-type.application";
		};
/* End PBXNativeTarget section */

/* Begin PBXProject section */
		F719256F25374620008E935C /* Project object */ = {
			isa = PBXProject;
			attributes = {
				LastSwiftUpdateCheck = 1200;
				LastUpgradeCheck = 1200;
				TargetAttributes = {
					F719257625374620008E935C = {
						CreatedOnToolsVersion = 12.0.1;
					};
				};
			};
			buildConfigurationList = F719257225374620008E935C /* Build configuration list for PBXProject "PccSwiftUI" */;
			compatibilityVersion = "Xcode 9.3";
			developmentRegion = en;
			hasScannedForEncodings = 0;
			knownRegions = (
				en,
				Base,
			);
			mainGroup = F719256E25374620008E935C;
			productRefGroup = F719257825374620008E935C /* Products */;
			projectDirPath = "";
			projectRoot = "";
			targets = (
				F719257625374620008E935C /* PccSwiftUI */,
			);
		};
/* End PBXProject section */

/* Begin PBXResourcesBuildPhase section */
		F719257525374620008E935C /* Resources */ = {
			isa = PBXResourcesBuildPhase;
			buildActionMask = 2147483647;
			files = (
				F719258225374621008E935C /* Preview Assets.xcassets in Resources */,
				F719257F25374621008E935C /* Assets.xcassets in Resources */,
			);
			runOnlyForDeploymentPostprocessing = 0;
		};
/* End PBXResourcesBuildPhase section */

/* Begin PBXSourcesBuildPhase section */
		F719257325374620008E935C /* Sources */ = {
			isa = PBXSourcesBuildPhase;
			buildActionMask = 2147483647;
			files = (
				F7192590253747B4008E935C /* BigButton.swift in Sources */,
				F71A75332539F48100BB354F /* ReviewView.swift in Sources */,
				F719258B25374683008E935C /* HomeView.swift in Sources */,
				F71A752A2539E58A00BB354F /* FrontCardView.swift in Sources */,
				F719257D25374620008E935C /* ContentView.swift in Sources */,
				F719257B25374620008E935C /* PccSwiftUIApp.swift in Sources */,
				F71A75302539F41500BB354F /* ConfirmView.swift in Sources */,
				F71A752D2539ECAF00BB354F /* BackCardView.swift in Sources */,
				F719259425374BE8008E935C /* PccHeader.swift in Sources */,
				F778288F253CF0AA003495F5 /* LargeButton.swift in Sources */,
			);
			runOnlyForDeploymentPostprocessing = 0;
		};
/* End PBXSourcesBuildPhase section */

/* Begin XCBuildConfiguration section */
		F719258425374621008E935C /* Debug */ = {
			isa = XCBuildConfiguration;
			buildSettings = {
				ALWAYS_SEARCH_USER_PATHS = NO;
				CLANG_ANALYZER_NONNULL = YES;
				CLANG_ANALYZER_NUMBER_OBJECT_CONVERSION = YES_AGGRESSIVE;
				CLANG_CXX_LANGUAGE_STANDARD = "gnu++14";
				CLANG_CXX_LIBRARY = "libc++";
				CLANG_ENABLE_MODULES = YES;
				CLANG_ENABLE_OBJC_ARC = YES;
				CLANG_ENABLE_OBJC_WEAK = YES;
				CLANG_WARN_BLOCK_CAPTURE_AUTORELEASING = YES;
				CLANG_WARN_BOOL_CONVERSION = YES;
				CLANG_WARN_COMMA = YES;
				CLANG_WARN_CONSTANT_CONVERSION = YES;
				CLANG_WARN_DEPRECATED_OBJC_IMPLEMENTATIONS = YES;
				CLANG_WARN_DIRECT_OBJC_ISA_USAGE = YES_ERROR;
				CLANG_WARN_DOCUMENTATION_COMMENTS = YES;
				CLANG_WARN_EMPTY_BODY = YES;
				CLANG_WARN_ENUM_CONVERSION = YES;
				CLANG_WARN_INFINITE_RECURSION = YES;
				CLANG_WARN_INT_CONVERSION = YES;
				CLANG_WARN_NON_LITERAL_NULL_CONVERSION = YES;
				CLANG_WARN_OBJC_IMPLICIT_RETAIN_SELF = YES;
				CLANG_WARN_OBJC_LITERAL_CONVERSION = YES;
				CLANG_WARN_OBJC_ROOT_CLASS = YES_ERROR;
				CLANG_WARN_QUOTED_INCLUDE_IN_FRAMEWORK_HEADER = YES;
				CLANG_WARN_RANGE_LOOP_ANALYSIS = YES;
				CLANG_WARN_STRICT_PROTOTYPES = YES;
				CLANG_WARN_SUSPICIOUS_MOVE = YES;
				CLANG_WARN_UNGUARDED_AVAILABILITY = YES_AGGRESSIVE;
				CLANG_WARN_UNREACHABLE_CODE = YES;
				CLANG_WARN__DUPLICATE_METHOD_MATCH = YES;
				COPY_PHASE_STRIP = NO;
				DEBUG_INFORMATION_FORMAT = dwarf;
				ENABLE_STRICT_OBJC_MSGSEND = YES;
				ENABLE_TESTABILITY = YES;
				GCC_C_LANGUAGE_STANDARD = gnu11;
				GCC_DYNAMIC_NO_PIC = NO;
				GCC_NO_COMMON_BLOCKS = YES;
				GCC_OPTIMIZATION_LEVEL = 0;
				GCC_PREPROCESSOR_DEFINITIONS = (
					"DEBUG=1",
					"$(inherited)",
				);
				GCC_WARN_64_TO_32_BIT_CONVERSION = YES;
				GCC_WARN_ABOUT_RETURN_TYPE = YES_ERROR;
				GCC_WARN_UNDECLARED_SELECTOR = YES;
				GCC_WARN_UNINITIALIZED_AUTOS = YES_AGGRESSIVE;
				GCC_WARN_UNUSED_FUNCTION = YES;
				GCC_WARN_UNUSED_VARIABLE = YES;
				IPHONEOS_DEPLOYMENT_TARGET = 14.0;
				MTL_ENABLE_DEBUG_INFO = INCLUDE_SOURCE;
				MTL_FAST_MATH = YES;
				ONLY_ACTIVE_ARCH = YES;
				SDKROOT = iphoneos;
				SWIFT_ACTIVE_COMPILATION_CONDITIONS = DEBUG;
				SWIFT_OPTIMIZATION_LEVEL = "-Onone";
			};
			name = Debug;
		};
		F719258525374621008E935C /* Release */ = {
			isa = XCBuildConfiguration;
			buildSettings = {
				ALWAYS_SEARCH_USER_PATHS = NO;
				CLANG_ANALYZER_NONNULL = YES;
				CLANG_ANALYZER_NUMBER_OBJECT_CONVERSION = YES_AGGRESSIVE;
				CLANG_CXX_LANGUAGE_STANDARD = "gnu++14";
				CLANG_CXX_LIBRARY = "libc++";
				CLANG_ENABLE_MODULES = YES;
				CLANG_ENABLE_OBJC_ARC = YES;
				CLANG_ENABLE_OBJC_WEAK = YES;
				CLANG_WARN_BLOCK_CAPTURE_AUTORELEASING = YES;
				CLANG_WARN_BOOL_CONVERSION = YES;
				CLANG_WARN_COMMA = YES;
				CLANG_WARN_CONSTANT_CONVERSION = YES;
				CLANG_WARN_DEPRECATED_OBJC_IMPLEMENTATIONS = YES;
				CLANG_WARN_DIRECT_OBJC_ISA_USAGE = YES_ERROR;
				CLANG_WARN_DOCUMENTATION_COMMENTS = YES;
				CLANG_WARN_EMPTY_BODY = YES;
				CLANG_WARN_ENUM_CONVERSION = YES;
				CLANG_WARN_INFINITE_RECURSION = YES;
				CLANG_WARN_INT_CONVERSION = YES;
				CLANG_WARN_NON_LITERAL_NULL_CONVERSION = YES;
				CLANG_WARN_OBJC_IMPLICIT_RETAIN_SELF = YES;
				CLANG_WARN_OBJC_LITERAL_CONVERSION = YES;
				CLANG_WARN_OBJC_ROOT_CLASS = YES_ERROR;
				CLANG_WARN_QUOTED_INCLUDE_IN_FRAMEWORK_HEADER = YES;
				CLANG_WARN_RANGE_LOOP_ANALYSIS = YES;
				CLANG_WARN_STRICT_PROTOTYPES = YES;
				CLANG_WARN_SUSPICIOUS_MOVE = YES;
				CLANG_WARN_UNGUARDED_AVAILABILITY = YES_AGGRESSIVE;
				CLANG_WARN_UNREACHABLE_CODE = YES;
				CLANG_WARN__DUPLICATE_METHOD_MATCH = YES;
				COPY_PHASE_STRIP = NO;
				DEBUG_INFORMATION_FORMAT = "dwarf-with-dsym";
				ENABLE_NS_ASSERTIONS = NO;
				ENABLE_STRICT_OBJC_MSGSEND = YES;
				GCC_C_LANGUAGE_STANDARD = gnu11;
				GCC_NO_COMMON_BLOCKS = YES;
				GCC_WARN_64_TO_32_BIT_CONVERSION = YES;
				GCC_WARN_ABOUT_RETURN_TYPE = YES_ERROR;
				GCC_WARN_UNDECLARED_SELECTOR = YES;
				GCC_WARN_UNINITIALIZED_AUTOS = YES_AGGRESSIVE;
				GCC_WARN_UNUSED_FUNCTION = YES;
				GCC_WARN_UNUSED_VARIABLE = YES;
				IPHONEOS_DEPLOYMENT_TARGET = 14.0;
				MTL_ENABLE_DEBUG_INFO = NO;
				MTL_FAST_MATH = YES;
				SDKROOT = iphoneos;
				SWIFT_COMPILATION_MODE = wholemodule;
				SWIFT_OPTIMIZATION_LEVEL = "-O";
				VALIDATE_PRODUCT = YES;
			};
			name = Release;
		};
		F719258725374621008E935C /* Debug */ = {
			isa = XCBuildConfiguration;
			buildSettings = {
				ASSETCATALOG_COMPILER_APPICON_NAME = AppIcon;
				ASSETCATALOG_COMPILER_GLOBAL_ACCENT_COLOR_NAME = AccentColor;
				CODE_SIGN_STYLE = Automatic;
				DEVELOPMENT_ASSET_PATHS = "\"PccSwiftUI/Preview Content\"";
				DEVELOPMENT_TEAM = V22FY27QPA;
				ENABLE_PREVIEWS = YES;
				INFOPLIST_FILE = PccSwiftUI/Info.plist;
				IPHONEOS_DEPLOYMENT_TARGET = 14.0;
				LD_RUNPATH_SEARCH_PATHS = (
					"$(inherited)",
					"@executable_path/Frameworks",
				);
				PRODUCT_BUNDLE_IDENTIFIER = ch.ragu.PccSwiftUI;
				PRODUCT_NAME = "$(TARGET_NAME)";
				SWIFT_VERSION = 5.0;
				TARGETED_DEVICE_FAMILY = "1,2";
			};
			name = Debug;
		};
		F719258825374621008E935C /* Release */ = {
			isa = XCBuildConfiguration;
			buildSettings = {
				ASSETCATALOG_COMPILER_APPICON_NAME = AppIcon;
				ASSETCATALOG_COMPILER_GLOBAL_ACCENT_COLOR_NAME = AccentColor;
				CODE_SIGN_STYLE = Automatic;
				DEVELOPMENT_ASSET_PATHS = "\"PccSwiftUI/Preview Content\"";
				DEVELOPMENT_TEAM = V22FY27QPA;
				ENABLE_PREVIEWS = YES;
				INFOPLIST_FILE = PccSwiftUI/Info.plist;
				IPHONEOS_DEPLOYMENT_TARGET = 14.0;
				LD_RUNPATH_SEARCH_PATHS = (
					"$(inherited)",
					"@executable_path/Frameworks",
				);
				PRODUCT_BUNDLE_IDENTIFIER = ch.ragu.PccSwiftUI;
				PRODUCT_NAME = "$(TARGET_NAME)";
				SWIFT_VERSION = 5.0;
				TARGETED_DEVICE_FAMILY = "1,2";
			};
			name = Release;
		};
/* End XCBuildConfiguration section */

/* Begin XCConfigurationList section */
		F719257225374620008E935C /* Build configuration list for PBXProject "PccSwiftUI" */ = {
			isa = XCConfigurationList;
			buildConfigurations = (
				F719258425374621008E935C /* Debug */,
				F719258525374621008E935C /* Release */,
			);
			defaultConfigurationIsVisible = 0;
			defaultConfigurationName = Release;
		};
		F719258625374621008E935C /* Build configuration list for PBXNativeTarget "PccSwiftUI" */ = {
			isa = XCConfigurationList;
			buildConfigurations = (
				F719258725374621008E935C /* Debug */,
				F719258825374621008E935C /* Release */,
			);
			defaultConfigurationIsVisible = 0;
			defaultConfigurationName = Release;
		};
/* End XCConfigurationList section */
	};
	rootObject = F719256F25374620008E935C /* Project object */;
}
